{
  "name": "decas-wasm",
  "version": "1.0.0",
  "lockfileVersion": 3,
  "requires": true,
  "packages": {
    "": {
      "name": "decas-wasm",
      "version": "1.0.0",
      "license": "ISC",
      "dependencies": {
        "@w3bstream/wasm-sdk": "^0.12.0"
      },
      "devDependencies": {
        "assemblyscript": "^0.27.22"
      }
    },
    "node_modules/@w3bstream/wasm-sdk": {
      "version": "0.12.0",
      "resolved": "https://registry.npmjs.org/@w3bstream/wasm-sdk/-/wasm-sdk-0.12.0.tgz",
      "integrity": "sha512-HiSJvPkNsT5bA2G1je9fmG3hC3L30wlUylzDBZVtm2ZdhmXT3FNQlZdJrfBHtwIAaNA+fvW2fiF01zL6NQbuUQ==",
      "dependencies": {
        "@w3bstream/wasm-sdk": "^0.11.0",
        "as-base64": "^0.2.0",
        "as-big": "^0.2.2",
        "as-bignum": "^0.2.40",
        "assemblyscript": "^0.26.7",
        "assemblyscript-json": "^1.1.0"
      },
      "engines": {
        "node": ">=16.0.0"
      }
    },
    "node_modules/@w3bstream/wasm-sdk/node_modules/@w3bstream/wasm-sdk": {
      "version": "0.11.0",
      "resolved": "https://registry.npmjs.org/@w3bstream/wasm-sdk/-/wasm-sdk-0.11.0.tgz",
      "integrity": "sha512-K/VQKXmsVsPBn+/KuLf18x3Y2dPI2kQw8xoMY8ONaOp8HCEzIrValaVBDYGu4m0+AnVEG9G+CkEM1deHCM2bLQ==",
      "dependencies": {
        "@w3bstream/wasm-sdk": "^0.10.0",
        "as-base64": "^0.2.0",
        "as-big": "^0.2.2",
        "as-bignum": "^0.2.40",
        "assemblyscript": "^0.26.7",
        "assemblyscript-json": "^1.1.0"
      },
      "engines": {
        "node": ">=16.0.0"
      }
    },
    "node_modules/@w3bstream/wasm-sdk/node_modules/@w3bstream/wasm-sdk/node_modules/@w3bstream/wasm-sdk": {
      "version": "0.10.0",
      "resolved": "https://registry.npmjs.org/@w3bstream/wasm-sdk/-/wasm-sdk-0.10.0.tgz",
      "integrity": "sha512-wr1lOqldXzAd2K9+gYqei6880K7z8pE5HVXxxGYUD6HsJdrQWpKf6BFyhNsUjIgukccJEi8CKkgRVOZbjGnccQ==",
      "dependencies": {
        "@w3bstream/wasm-sdk": "^0.9.0",
        "as-base64": "^0.2.0",
        "as-big": "^0.2.2",
        "as-bignum": "^0.2.40",
        "assemblyscript": "^0.26.7",
        "assemblyscript-json": "^1.1.0"
      },
      "engines": {
        "node": ">=16.0.0"
      }
    },
    "node_modules/@w3bstream/wasm-sdk/node_modules/@w3bstream/wasm-sdk/node_modules/@w3bstream/wasm-sdk/node_modules/@w3bstream/wasm-sdk": {
      "version": "0.9.0",
      "resolved": "https://registry.npmjs.org/@w3bstream/wasm-sdk/-/wasm-sdk-0.9.0.tgz",
      "integrity": "sha512-l/wnGR8XM0WiDNY2ZELwUCe2AHIi0dnknaBjgNefoEOFmp8e+qDqtVxDD3OD2HZBpwwYvVJnhfZalI0hDgX56Q==",
      "dependencies": {
        "@w3bstream/wasm-sdk": "^0.8.0",
        "as-base64": "^0.2.0",
        "as-big": "^0.2.2",
        "as-bignum": "^0.2.40",
        "assemblyscript": "^0.26.7",
        "assemblyscript-json": "^1.1.0"
      },
      "engines": {
        "node": ">=16.0.0"
      }
    },
    "node_modules/@w3bstream/wasm-sdk/node_modules/@w3bstream/wasm-sdk/node_modules/@w3bstream/wasm-sdk/node_modules/@w3bstream/wasm-sdk/node_modules/@w3bstream/wasm-sdk": {
      "version": "0.8.0",
      "resolved": "https://registry.npmjs.org/@w3bstream/wasm-sdk/-/wasm-sdk-0.8.0.tgz",
      "integrity": "sha512-tcS1asJf7oiuMusR2RcACrgdub7sAiAZ4yGdLqahucQiA4wk7mJI1zcjCGhELYuJbsJlTuLxbejgec8P+037aQ==",
      "dependencies": {
        "@w3bstream/wasm-sdk": "^0.7.0",
        "as-base64": "^0.2.0",
        "as-big": "^0.2.2",
        "as-bignum": "^0.2.40",
        "assemblyscript": "^0.26.7",
        "assemblyscript-json": "^1.1.0"
      },
      "engines": {
        "node": ">=16.0.0"
      }
    },
    "node_modules/@w3bstream/wasm-sdk/node_modules/@w3bstream/wasm-sdk/node_modules/@w3bstream/wasm-sdk/node_modules/@w3bstream/wasm-sdk/node_modules/@w3bstream/wasm-sdk/node_modules/@w3bstream/wasm-sdk": {
      "version": "0.7.1",
      "resolved": "https://registry.npmjs.org/@w3bstream/wasm-sdk/-/wasm-sdk-0.7.1.tgz",
      "integrity": "sha512-688JtoNpHCdQ22ONeInbxAPTVuhrwpR4Z0D85DaeF4EWUgSMWf5I7ltmm0XBDUlc0x5OuV1Vz6eIWhi+To1wXg==",
      "dependencies": {
        "@w3bstream/wasm-sdk": "^0.7.0",
        "as-big": "^0.2.2",
        "as-bignum": "^0.2.40",
        "assemblyscript": "^0.26.7",
        "assemblyscript-json": "^1.1.0"
      },
      "engines": {
        "node": ">=16.0.0"
      }
    },
    "node_modules/@w3bstream/wasm-sdk/node_modules/assemblyscript": {
      "version": "0.26.7",
      "resolved": "https://registry.npmjs.org/assemblyscript/-/assemblyscript-0.26.7.tgz",
      "integrity": "sha512-+zjr7RZotrNleOc2raZQJVIoMQ906LmZP9Q9C9IUft3o5QIzerQdKboHIwyO4HZUZor3dG0e9vIFK7w1l0PCsw==",
      "dependencies": {
        "binaryen": "111.0.0-nightly.20230111",
        "long": "^5.2.0"
      },
      "bin": {
        "asc": "bin/asc.js",
        "asinit": "bin/asinit.js"
      },
      "engines": {
        "node": ">=16.0.0",
        "npm": ">=7.0.0"
      },
      "funding": {
        "type": "opencollective",
        "url": "https://opencollective.com/assemblyscript"
      }
    },
    "node_modules/@w3bstream/wasm-sdk/node_modules/binaryen": {
      "version": "111.0.0-nightly.20230111",
      "resolved": "https://registry.npmjs.org/binaryen/-/binaryen-111.0.0-nightly.20230111.tgz",
      "integrity": "sha512-CUEED/yMHoGeGnOZhQJW5+Luf5z/F58PHK5lw2feh5fbbqauodgnxyYkc2oxSjYwHHRCmFmaYyeQH4zlhRbebg==",
      "bin": {
        "wasm-opt": "bin/wasm-opt",
        "wasm2js": "bin/wasm2js"
      }
    },
    "node_modules/as-base64": {
      "version": "0.2.0",
      "resolved": "https://registry.npmjs.org/as-base64/-/as-base64-0.2.0.tgz",
      "integrity": "sha512-j6JxprAVN4SXUcZiSChuMBf0JJOCdh5OfrHAepluxmFWuDZZm+YjmfNSk8djUHRPEB+Ui5HGvrz46GLvTJf3ig=="
    },
    "node_modules/as-big": {
      "version": "0.2.3",
      "resolved": "https://registry.npmjs.org/as-big/-/as-big-0.2.3.tgz",
      "integrity": "sha512-IaCaWGoqfdaoiSiMv+0lFGf9TGnLSbPF0EMLKdGbJGm+e6iDi4ekDsL2usZ+IDOIwP1czeGi6+aSvycwPJ4THg=="
    },
    "node_modules/as-bignum": {
      "version": "0.2.40",
      "resolved": "https://registry.npmjs.org/as-bignum/-/as-bignum-0.2.40.tgz",
      "integrity": "sha512-fql9j63qUCmWwgWB3qW7+S8vp1DUrqSgFnpn/L3O2bjHMW52GZ0H/DfwLCQUAgQS15gsMsjwzMT14A2KCxu0cA=="
    },
    "node_modules/assemblyscript": {
      "version": "0.27.22",
      "resolved": "https://registry.npmjs.org/assemblyscript/-/assemblyscript-0.27.22.tgz",
      "integrity": "sha512-6ClobsR4Hxn6K0daYp/+n9qWTqVbpdVeSGSVDqRvUEz66vvFb8atS6nLm+fnQ54JXuXmzLQy0uWYYgB8G59btQ==",
      "dev": true,
      "dependencies": {
        "binaryen": "116.0.0-nightly.20231102",
        "long": "^5.2.1"
      },
      "bin": {
        "asc": "bin/asc.js",
        "asinit": "bin/asinit.js"
      },
      "engines": {
        "node": ">=16",
        "npm": ">=7"
      },
      "funding": {
        "type": "opencollective",
        "url": "https://opencollective.com/assemblyscript"
      }
    },
    "node_modules/assemblyscript-json": {
      "version": "1.1.0",
      "resolved": "https://registry.npmjs.org/assemblyscript-json/-/assemblyscript-json-1.1.0.tgz",
      "integrity": "sha512-UbE8ts8csTWQgd5TnSPN7MRV9NveuHv1bVnKmDLoo/tzjqxkmsZb3lu59Uk8H7SGoqdkDSEE049alx/nHnSdFw=="
    },
    "node_modules/binaryen": {
      "version": "116.0.0-nightly.20231102",
      "resolved": "https://registry.npmjs.org/binaryen/-/binaryen-116.0.0-nightly.20231102.tgz",
      "integrity": "sha512-aPU9tlKdw/gcXx6u4PxtDgOtGjg/ZKnYdk23ctYb70GxZgPhWnGWmnBt01aV5dt5yFFo2V4rbB7SzpSFhViFQA==",
      "dev": true,
      "bin": {
        "wasm-opt": "bin/wasm-opt",
        "wasm2js": "bin/wasm2js"
      }
    },
    "node_modules/long": {
      "version": "5.2.3",
      "resolved": "https://registry.npmjs.org/long/-/long-5.2.3.tgz",
      "integrity": "sha512-lcHwpNoggQTObv5apGNCTdJrO69eHOZMi4BNC+rTLER8iHAqGrUVeLh/irVIM7zTw2bOXA8T6uNPeujwOLg/2Q=="
    }
  }
}
